// !$*UTF8*$!
{
	archiveVersion = 1;
	classes = {
	};
	objectVersion = 50;
	objects = {

/* Begin PBXBuildFile section */
		2272F84C2FDD6FE500C55EB3 /* AppDelegate.swift in Sources */ = {isa = PBXBuildFile; fileRef = 2272F84B2FDD6FE500C55EB3 /* AppDelegate.swift */; };
		2272F84E2FDD6FE500C55EB3 /* SceneDelegate.swift in Sources */ = {isa = PBXBuildFile; fileRef = 2272F84D2FDD6FE500C55EB3 /* SceneDelegate.swift */; };
		2272F8502FDD6FE500C55EB3 /* ViewController.swift in Sources */ = {isa = PBXBuildFile; fileRef = 2272F84F2FDD6FE500C55EB3 /* ViewController.swift */; };
		2272F8532FDD6FE500C55EB3 /* Main.storyboard in Resources */ = {isa = PBXBuildFile; fileRef = 2272F8512FDD6FE500C55EB3 /* Main.storyboard */; };
		2272F8552FDD6FF000C55EB3 /* Assets.xcassets in Resources */ = {isa = PBXBuildFile; fileRef = 2272F8542FDD6FF000C55EB3 /* Assets.xcassets */; };
		2272F8582FDD6FF000C55EB3 /* LaunchScreen.storyboard in Resources */ = {isa = PBXBuildFile; fileRef = 2272F8562FDD6FF000C55EB3 /* LaunchScreen.storyboard */; };
		2272F8632FDD6FF000C55EB3 /* BallLogTests.swift in Sources */ = {isa = PBXBuildFile; fileRef = 2272F8622FDD6FF000C55EB3 /* BallLogTests.swift */; };
		2272F86E2FDD6FF000C55EB3 /* BallLogUITests.swift in Sources */ = {isa = PBXBuildFile; fileRef = 2272F86D2FDD6FF000C55EB3 /* BallLogUITests.swift */; };
		2274BE062FDD7FF100F925C6 /* Models.swift in Sources */ = {isa = PBXBuildFile; fileRef = 2274BE052FDD7FF100F925C6 /* Models.swift */; };
		2274BE082FDD802600F925C6 /* MLBService.swift in Sources */ = {isa = PBXBuildFile; fileRef = 2274BE072FDD802600F925C6 /* MLBService.swift */; };
		2274BE0A2FDD807A00F925C6 /* PredictionStore.swift in Sources */ = {isa = PBXBuildFile; fileRef = 2274BE092FDD807A00F925C6 /* PredictionStore.swift */; };
		2274BE0C2FDD818C00F925C6 /* GameCell.swift in Sources */ = {isa = PBXBuildFile; fileRef = 2274BE0B2FDD818C00F925C6 /* GameCell.swift */; };
		2274BE0E2FDD81F700F925C6 /* PredictionHistoryViewController.swift in Sources */ = {isa = PBXBuildFile; fileRef = 2274BE0D2FDD81F700F925C6 /* PredictionHistoryViewController.swift */; };
		2274BE102FDD82BF00F925C6 /* PredictionInputViewController.swift in Sources */ = {isa = PBXBuildFile; fileRef = 2274BE0F2FDD82BF00F925C6 /* PredictionInputViewController.swift */; };
		2274BE122FDD846A00F925C6 /* PointStore.swift in Sources */ = {isa = PBXBuildFile; fileRef = 2274BE112FDD846A00F925C6 /* PointStore.swift */; };
		2274BE142FDD84AB00F925C6 /* YesterdayResultViewController.swift in Sources */ = {isa = PBXBuildFile; fileRef = 2274BE132FDD84AB00F925C6 /* YesterdayResultViewController.swift */; };
		22765C122FDE8A0A0018BF49 /* NotificationManager.swift in Sources */ = {isa = PBXBuildFile; fileRef = 22765C112FDE8A0A0018BF49 /* NotificationManager.swift */; };
		22765C142FDE8A610018BF49 /* PointHistoryStore.swift in Sources */ = {isa = PBXBuildFile; fileRef = 22765C132FDE8A610018BF49 /* PointHistoryStore.swift */; };
		22765C162FDE8A9D0018BF49 /* FavoriteTeamStore.swift in Sources */ = {isa = PBXBuildFile; fileRef = 22765C152FDE8A9D0018BF49 /* FavoriteTeamStore.swift */; };
		22765C182FDE92DB0018BF49 /* TeamInfoService.swift in Sources */ = {isa = PBXBuildFile; fileRef = 22765C172FDE92DB0018BF49 /* TeamInfoService.swift */; };
		22765C1A2FDE93450018BF49 /* TeamInfoViewController.swift in Sources */ = {isa = PBXBuildFile; fileRef = 22765C192FDE93450018BF49 /* TeamInfoViewController.swift */; };
		22765C1C2FDE93720018BF49 /* SearchViewController.swift in Sources */ = {isa = PBXBuildFile; fileRef = 22765C1B2FDE93720018BF49 /* SearchViewController.swift */; };
		22765C1E2FDE93930018BF49 /* LevelManager.swift in Sources */ = {isa = PBXBuildFile; fileRef = 22765C1D2FDE93930018BF49 /* LevelManager.swift */; };
/* End PBXBuildFile section */

/* Begin PBXContainerItemProxy section */
		2272F85F2FDD6FF000C55EB3 /* PBXContainerItemProxy */ = {
			isa = PBXContainerItemProxy;
			containerPortal = 2272F8402FDD6FE500C55EB3 /* Project object */;
			proxyType = 1;
			remoteGlobalIDString = 2272F8472FDD6FE500C55EB3;
			remoteInfo = BallLog;
		};
		2272F86A2FDD6FF000C55EB3 /* PBXContainerItemProxy */ = {
			isa = PBXContainerItemProxy;
			containerPortal = 2272F8402FDD6FE500C55EB3 /* Project object */;
			proxyType = 1;
			remoteGlobalIDString = 2272F8472FDD6FE500C55EB3;
			remoteInfo = BallLog;
		};
/* End PBXContainerItemProxy section */

/* Begin PBXFileReference section */
		2272F8482FDD6FE500C55EB3 /* BallLog.app */ = {isa = PBXFileReference; explicitFileType = wrapper.application; includeInIndex = 0; path = BallLog.app; sourceTree = BUILT_PRODUCTS_DIR; };
		2272F84B2FDD6FE500C55EB3 /* AppDelegate.swift */ = {isa = PBXFileReference; lastKnownFileType = sourcecode.swift; path = AppDelegate.swift; sourceTree = "<group>"; };
		2272F84D2FDD6FE500C55EB3 /* SceneDelegate.swift */ = {isa = PBXFileReference; lastKnownFileType = sourcecode.swift; path = SceneDelegate.swift; sourceTree = "<group>"; };
		2272F84F2FDD6FE500C55EB3 /* ViewController.swift */ = {isa = PBXFileReference; lastKnownFileType = sourcecode.swift; path = ViewController.swift; sourceTree = "<group>"; };
		2272F8522FDD6FE500C55EB3 /* Base */ = {isa = PBXFileReference; lastKnownFileType = file.storyboard; name = Base; path = Base.lproj/Main.storyboard; sourceTree = "<group>"; };
		2272F8542FDD6FF000C55EB3 /* Assets.xcassets */ = {isa = PBXFileReference; lastKnownFileType = folder.assetcatalog; path = Assets.xcassets; sourceTree = "<group>"; };
		2272F8572FDD6FF000C55EB3 /* Base */ = {isa = PBXFileReference; lastKnownFileType = file.storyboard; name = Base; path = Base.lproj/LaunchScreen.storyboard; sourceTree = "<group>"; };
		2272F8592FDD6FF000C55EB3 /* Info.plist */ = {isa = PBXFileReference; lastKnownFileType = text.plist.xml; path = Info.plist; sourceTree = "<group>"; };
		2272F85E2FDD6FF000C55EB3 /* BallLogTests.xctest */ = {isa = PBXFileReference; explicitFileType = wrapper.cfbundle; includeInIndex = 0; path = BallLogTests.xctest; sourceTree = BUILT_PRODUCTS_DIR; };
		2272F8622FDD6FF000C55EB3 /* BallLogTests.swift */ = {isa = PBXFileReference; lastKnownFileType = sourcecode.swift; path = BallLogTests.swift; sourceTree = "<group>"; };
		2272F8642FDD6FF000C55EB3 /* Info.plist */ = {isa = PBXFileReference; lastKnownFileType = text.plist.xml; path = Info.plist; sourceTree = "<group>"; };
		2272F8692FDD6FF000C55EB3 /* BallLogUITests.xctest */ = {isa = PBXFileReference; explicitFileType = wrapper.cfbundle; includeInIndex = 0; path = BallLogUITests.xctest; sourceTree = BUILT_PRODUCTS_DIR; };
		2272F86D2FDD6FF000C55EB3 /* BallLogUITests.swift */ = {isa = PBXFileReference; lastKnownFileType = sourcecode.swift; path = BallLogUITests.swift; sourceTree = "<group>"; };
		2272F86F2FDD6FF000C55EB3 /* Info.plist */ = {isa = PBXFileReference; lastKnownFileType = text.plist.xml; path = Info.plist; sourceTree = "<group>"; };
		2274BE052FDD7FF100F925C6 /* Models.swift */ = {isa = PBXFileReference; lastKnownFileType = sourcecode.swift; path = Models.swift; sourceTree = "<group>"; };
		2274BE072FDD802600F925C6 /* MLBService.swift */ = {isa = PBXFileReference; lastKnownFileType = sourcecode.swift; path = MLBService.swift; sourceTree = "<group>"; };
		2274BE092FDD807A00F925C6 /* PredictionStore.swift */ = {isa = PBXFileReference; lastKnownFileType = sourcecode.swift; path = PredictionStore.swift; sourceTree = "<group>"; };
		2274BE0B2FDD818C00F925C6 /* GameCell.swift */ = {isa = PBXFileReference; lastKnownFileType = sourcecode.swift; path = GameCell.swift; sourceTree = "<group>"; };
		2274BE0D2FDD81F700F925C6 /* PredictionHistoryViewController.swift */ = {isa = PBXFileReference; lastKnownFileType = sourcecode.swift; path = PredictionHistoryViewController.swift; sourceTree = "<group>"; };
		2274BE0F2FDD82BF00F925C6 /* PredictionInputViewController.swift */ = {isa = PBXFileReference; lastKnownFileType = sourcecode.swift; path = PredictionInputViewController.swift; sourceTree = "<group>"; };
		2274BE112FDD846A00F925C6 /* PointStore.swift */ = {isa = PBXFileReference; lastKnownFileType = sourcecode.swift; path = PointStore.swift; sourceTree = "<group>"; };
		2274BE132FDD84AB00F925C6 /* YesterdayResultViewController.swift */ = {isa = PBXFileReference; lastKnownFileType = sourcecode.swift; path = YesterdayResultViewController.swift; sourceTree = "<group>"; };
		22765C112FDE8A0A0018BF49 /* NotificationManager.swift */ = {isa = PBXFileReference; lastKnownFileType = sourcecode.swift; path = NotificationManager.swift; sourceTree = "<group>"; };
		22765C132FDE8A610018BF49 /* PointHistoryStore.swift */ = {isa = PBXFileReference; lastKnownFileType = sourcecode.swift; path = PointHistoryStore.swift; sourceTree = "<group>"; };
		22765C152FDE8A9D0018BF49 /* FavoriteTeamStore.swift */ = {isa = PBXFileReference; lastKnownFileType = sourcecode.swift; path = FavoriteTeamStore.swift; sourceTree = "<group>"; };
		22765C172FDE92DB0018BF49 /* TeamInfoService.swift */ = {isa = PBXFileReference; lastKnownFileType = sourcecode.swift; path = TeamInfoService.swift; sourceTree = "<group>"; };
		22765C192FDE93450018BF49 /* TeamInfoViewController.swift */ = {isa = PBXFileReference; lastKnownFileType = sourcecode.swift; path = TeamInfoViewController.swift; sourceTree = "<group>"; };
		22765C1B2FDE93720018BF49 /* SearchViewController.swift */ = {isa = PBXFileReference; lastKnownFileType = sourcecode.swift; path = SearchViewController.swift; sourceTree = "<group>"; };
		22765C1D2FDE93930018BF49 /* LevelManager.swift */ = {isa = PBXFileReference; lastKnownFileType = sourcecode.swift; path = LevelManager.swift; sourceTree = "<group>"; };
/* End PBXFileReference section */

/* Begin PBXFrameworksBuildPhase section */
		2272F8452FDD6FE500C55EB3 /* Frameworks */ = {
			isa = PBXFrameworksBuildPhase;
			buildActionMask = 2147483647;
			files = (
			);
			runOnlyForDeploymentPostprocessing = 0;
		};
		2272F85B2FDD6FF000C55EB3 /* Frameworks */ = {
			isa = PBXFrameworksBuildPhase;
			buildActionMask = 2147483647;
			files = (
			);
			runOnlyForDeploymentPostprocessing = 0;
		};
		2272F8662FDD6FF000C55EB3 /* Frameworks */ = {
			isa = PBXFrameworksBuildPhase;
			buildActionMask = 2147483647;
			files = (
			);
			runOnlyForDeploymentPostprocessing = 0;
		};
/* End PBXFrameworksBuildPhase section */

/* Begin PBXGroup section */
		2272F83F2FDD6FE500C55EB3 = {
			isa = PBXGroup;
			children = (
				2272F84A2FDD6FE500C55EB3 /* BallLog */,
				2272F8612FDD6FF000C55EB3 /* BallLogTests */,
				2272F86C2FDD6FF000C55EB3 /* BallLogUITests */,
				2272F8492FDD6FE500C55EB3 /* Products */,
			);
			sourceTree = "<group>";
		};
		2272F8492FDD6FE500C55EB3 /* Products */ = {
			isa = PBXGroup;
			children = (
				2272F8482FDD6FE500C55EB3 /* BallLog.app */,
				2272F85E2FDD6FF000C55EB3 /* BallLogTests.xctest */,
				2272F8692FDD6FF000C55EB3 /* BallLogUITests.xctest */,
			);
			name = Products;
			sourceTree = "<group>";
		};
		2272F84A2FDD6FE500C55EB3 /* BallLog */ = {
			isa = PBXGroup;
			children = (
				2272F84B2FDD6FE500C55EB3 /* AppDelegate.swift */,
				2272F84D2FDD6FE500C55EB3 /* SceneDelegate.swift */,
				2272F84F2FDD6FE500C55EB3 /* ViewController.swift */,
				2272F8512FDD6FE500C55EB3 /* Main.storyboard */,
				2272F8542FDD6FF000C55EB3 /* Assets.xcassets */,
				2272F8562FDD6FF000C55EB3 /* LaunchScreen.storyboard */,
				2272F8592FDD6FF000C55EB3 /* Info.plist */,
				2274BE052FDD7FF100F925C6 /* Models.swift */,
				2274BE072FDD802600F925C6 /* MLBService.swift */,
				2274BE092FDD807A00F925C6 /* PredictionStore.swift */,
				2274BE0B2FDD818C00F925C6 /* GameCell.swift */,
				2274BE0D2FDD81F700F925C6 /* PredictionHistoryViewController.swift */,
				2274BE0F2FDD82BF00F925C6 /* PredictionInputViewController.swift */,
				2274BE112FDD846A00F925C6 /* PointStore.swift */,
				2274BE132FDD84AB00F925C6 /* YesterdayResultViewController.swift */,
				22765C112FDE8A0A0018BF49 /* NotificationManager.swift */,
				22765C132FDE8A610018BF49 /* PointHistoryStore.swift */,
				22765C152FDE8A9D0018BF49 /* FavoriteTeamStore.swift */,
				22765C172FDE92DB0018BF49 /* TeamInfoService.swift */,
				22765C192FDE93450018BF49 /* TeamInfoViewController.swift */,
				22765C1B2FDE93720018BF49 /* SearchViewController.swift */,
				22765C1D2FDE93930018BF49 /* LevelManager.swift */,
			);
			path = BallLog;
			sourceTree = "<group>";
		};
		2272F8612FDD6FF000C55EB3 /* BallLogTests */ = {
			isa = PBXGroup;
			children = (
				2272F8622FDD6FF000C55EB3 /* BallLogTests.swift */,
				2272F8642FDD6FF000C55EB3 /* Info.plist */,
			);
			path = BallLogTests;
			sourceTree = "<group>";
		};
		2272F86C2FDD6FF000C55EB3 /* BallLogUITests */ = {
			isa = PBXGroup;
			children = (
				2272F86D2FDD6FF000C55EB3 /* BallLogUITests.swift */,
				2272F86F2FDD6FF000C55EB3 /* Info.plist */,
			);
			path = BallLogUITests;
			sourceTree = "<group>";
		};
/* End PBXGroup section */

/* Begin PBXNativeTarget section */
		2272F8472FDD6FE500C55EB3 /* BallLog */ = {
			isa = PBXNativeTarget;
			buildConfigurationList = 2272F8722FDD6FF000C55EB3 /* Build configuration list for PBXNativeTarget "BallLog" */;
			buildPhases = (
				2272F8442FDD6FE500C55EB3 /* Sources */,
				2272F8452FDD6FE500C55EB3 /* Frameworks */,
				2272F8462FDD6FE500C55EB3 /* Resources */,
			);
			buildRules = (
			);
			dependencies = (
			);
			name = BallLog;
			productName = BallLog;
			productReference = 2272F8482FDD6FE500C55EB3 /* BallLog.app */;
			productType = "com.apple.product-type.application";
		};
		2272F85D2FDD6FF000C55EB3 /* BallLogTests */ = {
			isa = PBXNativeTarget;
			buildConfigurationList = 2272F8752FDD6FF000C55EB3 /* Build configuration list for PBXNativeTarget "BallLogTests" */;
			buildPhases = (
				2272F85A2FDD6FF000C55EB3 /* Sources */,
				2272F85B2FDD6FF000C55EB3 /* Frameworks */,
				2272F85C2FDD6FF000C55EB3 /* Resources */,
			);
			buildRules = (
			);
			dependencies = (
				2272F8602FDD6FF000C55EB3 /* PBXTargetDependency */,
			);
			name = BallLogTests;
			productName = BallLogTests;
			productReference = 2272F85E2FDD6FF000C55EB3 /* BallLogTests.xctest */;
			productType = "com.apple.product-type.bundle.unit-test";
		};
		2272F8682FDD6FF000C55EB3 /* BallLogUITests */ = {
			isa = PBXNativeTarget;
			buildConfigurationList = 2272F8782FDD6FF000C55EB3 /* Build configuration list for PBXNativeTarget "BallLogUITests" */;
			buildPhases = (
				2272F8652FDD6FF000C55EB3 /* Sources */,
				2272F8662FDD6FF000C55EB3 /* Frameworks */,
				2272F8672FDD6FF000C55EB3 /* Resources */,
			);
			buildRules = (
			);
			dependencies = (
				2272F86B2FDD6FF000C55EB3 /* PBXTargetDependency */,
			);
			name = BallLogUITests;
			productName = BallLogUITests;
			productReference = 2272F8692FDD6FF000C55EB3 /* BallLogUITests.xctest */;
			productType = "com.apple.product-type.bundle.ui-testing";
		};
/* End PBXNativeTarget section */

/* Begin PBXProject section */
		2272F8402FDD6FE500C55EB3 /* Project object */ = {
			isa = PBXProject;
			attributes = {
				LastSwiftUpdateCheck = 1250;
				LastUpgradeCheck = 1250;
				TargetAttributes = {
					2272F8472FDD6FE500C55EB3 = {
						CreatedOnToolsVersion = 12.5;
					};
					2272F85D2FDD6FF000C55EB3 = {
						CreatedOnToolsVersion = 12.5;
						TestTargetID = 2272F8472FDD6FE500C55EB3;
					};
					2272F8682FDD6FF000C55EB3 = {
						CreatedOnToolsVersion = 12.5;
						TestTargetID = 2272F8472FDD6FE500C55EB3;
					};
				};
			};
			buildConfigurationList = 2272F8432FDD6FE500C55EB3 /* Build configuration list for PBXProject "BallLog" */;
			compatibilityVersion = "Xcode 9.3";
			developmentRegion = en;
			hasScannedForEncodings = 0;
			knownRegions = (
				en,
				Base,
			);
			mainGroup = 2272F83F2FDD6FE500C55EB3;
			productRefGroup = 2272F8492FDD6FE500C55EB3 /* Products */;
			projectDirPath = "";
			projectRoot = "";
			targets = (
				2272F8472FDD6FE500C55EB3 /* BallLog */,
				2272F85D2FDD6FF000C55EB3 /* BallLogTests */,
				2272F8682FDD6FF000C55EB3 /* BallLogUITests */,
			);
		};
/* End PBXProject section */

/* Begin PBXResourcesBuildPhase section */
		2272F8462FDD6FE500C55EB3 /* Resources */ = {
			isa = PBXResourcesBuildPhase;
			buildActionMask = 2147483647;
			files = (
				2272F8582FDD6FF000C55EB3 /* LaunchScreen.storyboard in Resources */,
				2272F8552FDD6FF000C55EB3 /* Assets.xcassets in Resources */,
				2272F8532FDD6FE500C55EB3 /* Main.storyboard in Resources */,
			);
			runOnlyForDeploymentPostprocessing = 0;
		};
		2272F85C2FDD6FF000C55EB3 /* Resources */ = {
			isa = PBXResourcesBuildPhase;
			buildActionMask = 2147483647;
			files = (
			);
			runOnlyForDeploymentPostprocessing = 0;
		};
		2272F8672FDD6FF000C55EB3 /* Resources */ = {
			isa = PBXResourcesBuildPhase;
			buildActionMask = 2147483647;
			files = (
			);
			runOnlyForDeploymentPostprocessing = 0;
		};
/* End PBXResourcesBuildPhase section */

/* Begin PBXSourcesBuildPhase section */
		2272F8442FDD6FE500C55EB3 /* Sources */ = {
			isa = PBXSourcesBuildPhase;
			buildActionMask = 2147483647;
			files = (
				2272F8502FDD6FE500C55EB3 /* ViewController.swift in Sources */,
				2272F84C2FDD6FE500C55EB3 /* AppDelegate.swift in Sources */,
				2274BE0E2FDD81F700F925C6 /* PredictionHistoryViewController.swift in Sources */,
				22765C1C2FDE93720018BF49 /* SearchViewController.swift in Sources */,
				22765C182FDE92DB0018BF49 /* TeamInfoService.swift in Sources */,
				2274BE0A2FDD807A00F925C6 /* PredictionStore.swift in Sources */,
				2272F84E2FDD6FE500C55EB3 /* SceneDelegate.swift in Sources */,
				2274BE102FDD82BF00F925C6 /* PredictionInputViewController.swift in Sources */,
				22765C122FDE8A0A0018BF49 /* NotificationManager.swift in Sources */,
				2274BE122FDD846A00F925C6 /* PointStore.swift in Sources */,
				22765C1E2FDE93930018BF49 /* LevelManager.swift in Sources */,
				22765C1A2FDE93450018BF49 /* TeamInfoViewController.swift in Sources */,
				22765C162FDE8A9D0018BF49 /* FavoriteTeamStore.swift in Sources */,
				2274BE062FDD7FF100F925C6 /* Models.swift in Sources */,
				2274BE082FDD802600F925C6 /* MLBService.swift in Sources */,
				22765C142FDE8A610018BF49 /* PointHistoryStore.swift in Sources */,
				2274BE142FDD84AB00F925C6 /* YesterdayResultViewController.swift in Sources */,
				2274BE0C2FDD818C00F925C6 /* GameCell.swift in Sources */,
			);
			runOnlyForDeploymentPostprocessing = 0;
		};
		2272F85A2FDD6FF000C55EB3 /* Sources */ = {
			isa = PBXSourcesBuildPhase;
			buildActionMask = 2147483647;
			files = (
				2272F8632FDD6FF000C55EB3 /* BallLogTests.swift in Sources */,
			);
			runOnlyForDeploymentPostprocessing = 0;
		};
		2272F8652FDD6FF000C55EB3 /* Sources */ = {
			isa = PBXSourcesBuildPhase;
			buildActionMask = 2147483647;
			files = (
				2272F86E2FDD6FF000C55EB3 /* BallLogUITests.swift in Sources */,
			);
			runOnlyForDeploymentPostprocessing = 0;
		};
/* End PBXSourcesBuildPhase section */

/* Begin PBXTargetDependency section */
		2272F8602FDD6FF000C55EB3 /* PBXTargetDependency */ = {
			isa = PBXTargetDependency;
			target = 2272F8472FDD6FE500C55EB3 /* BallLog */;
			targetProxy = 2272F85F2FDD6FF000C55EB3 /* PBXContainerItemProxy */;
		};
		2272F86B2FDD6FF000C55EB3 /* PBXTargetDependency */ = {
			isa = PBXTargetDependency;
			target = 2272F8472FDD6FE500C55EB3 /* BallLog */;
			targetProxy = 2272F86A2FDD6FF000C55EB3 /* PBXContainerItemProxy */;
		};
/* End PBXTargetDependency section */

/* Begin PBXVariantGroup section */
		2272F8512FDD6FE500C55EB3 /* Main.storyboard */ = {
			isa = PBXVariantGroup;
			children = (
				2272F8522FDD6FE500C55EB3 /* Base */,
			);
			name = Main.storyboard;
			sourceTree = "<group>";
		};
		2272F8562FDD6FF000C55EB3 /* LaunchScreen.storyboard */ = {
			isa = PBXVariantGroup;
			children = (
				2272F8572FDD6FF000C55EB3 /* Base */,
			);
			name = LaunchScreen.storyboard;
			sourceTree = "<group>";
		};
/* End PBXVariantGroup section */

/* Begin XCBuildConfiguration section */
		2272F8702FDD6FF000C55EB3 /* Debug */ = {
			isa = XCBuildConfiguration;
			buildSettings = {
				ALWAYS_SEARCH_USER_PATHS = NO;
				CLANG_ANALYZER_NONNULL = YES;
				CLANG_ANALYZER_NUMBER_OBJECT_CONVERSION = YES_AGGRESSIVE;
				CLANG_CXX_LANGUAGE_STANDARD = "gnu++14";
				CLANG_CXX_LIBRARY = "libc++";
				CLANG_ENABLE_MODULES = YES;
				CLANG_ENABLE_OBJC_ARC = YES;
				CLANG_ENABLE_OBJC_WEAK = YES;
				CLANG_WARN_BLOCK_CAPTURE_AUTORELEASING = YES;
				CLANG_WARN_BOOL_CONVERSION = YES;
				CLANG_WARN_COMMA = YES;
				CLANG_WARN_CONSTANT_CONVERSION = YES;
				CLANG_WARN_DEPRECATED_OBJC_IMPLEMENTATIONS = YES;
				CLANG_WARN_DIRECT_OBJC_ISA_USAGE = YES_ERROR;
				CLANG_WARN_DOCUMENTATION_COMMENTS = YES;
				CLANG_WARN_EMPTY_BODY = YES;
				CLANG_WARN_ENUM_CONVERSION = YES;
				CLANG_WARN_INFINITE_RECURSION = YES;
				CLANG_WARN_INT_CONVERSION = YES;
				CLANG_WARN_NON_LITERAL_NULL_CONVERSION = YES;
				CLANG_WARN_OBJC_IMPLICIT_RETAIN_SELF = YES;
				CLANG_WARN_OBJC_LITERAL_CONVERSION = YES;
				CLANG_WARN_OBJC_ROOT_CLASS = YES_ERROR;
				CLANG_WARN_QUOTED_INCLUDE_IN_FRAMEWORK_HEADER = YES;
				CLANG_WARN_RANGE_LOOP_ANALYSIS = YES;
				CLANG_WARN_STRICT_PROTOTYPES = YES;
				CLANG_WARN_SUSPICIOUS_MOVE = YES;
				CLANG_WARN_UNGUARDED_AVAILABILITY = YES_AGGRESSIVE;
				CLANG_WARN_UNREACHABLE_CODE = YES;
				CLANG_WARN__DUPLICATE_METHOD_MATCH = YES;
				COPY_PHASE_STRIP = NO;
				DEBUG_INFORMATION_FORMAT = dwarf;
				ENABLE_STRICT_OBJC_MSGSEND = YES;
				ENABLE_TESTABILITY = YES;
				GCC_C_LANGUAGE_STANDARD = gnu11;
				GCC_DYNAMIC_NO_PIC = NO;
				GCC_NO_COMMON_BLOCKS = YES;
				GCC_OPTIMIZATION_LEVEL = 0;
				GCC_PREPROCESSOR_DEFINITIONS = (
					"DEBUG=1",
					"$(inherited)",
				);
				GCC_WARN_64_TO_32_BIT_CONVERSION = YES;
				GCC_WARN_ABOUT_RETURN_TYPE = YES_ERROR;
				GCC_WARN_UNDECLARED_SELECTOR = YES;
				GCC_WARN_UNINITIALIZED_AUTOS = YES_AGGRESSIVE;
				GCC_WARN_UNUSED_FUNCTION = YES;
				GCC_WARN_UNUSED_VARIABLE = YES;
				IPHONEOS_DEPLOYMENT_TARGET = 14.5;
				MTL_ENABLE_DEBUG_INFO = INCLUDE_SOURCE;
				MTL_FAST_MATH = YES;
				ONLY_ACTIVE_ARCH = YES;
				SDKROOT = iphoneos;
				SWIFT_ACTIVE_COMPILATION_CONDITIONS = DEBUG;
				SWIFT_OPTIMIZATION_LEVEL = "-Onone";
			};
			name = Debug;
		};
		2272F8712FDD6FF000C55EB3 /* Release */ = {
			isa = XCBuildConfiguration;
			buildSettings = {
				ALWAYS_SEARCH_USER_PATHS = NO;
				CLANG_ANALYZER_NONNULL = YES;
				CLANG_ANALYZER_NUMBER_OBJECT_CONVERSION = YES_AGGRESSIVE;
				CLANG_CXX_LANGUAGE_STANDARD = "gnu++14";
				CLANG_CXX_LIBRARY = "libc++";
				CLANG_ENABLE_MODULES = YES;
				CLANG_ENABLE_OBJC_ARC = YES;
				CLANG_ENABLE_OBJC_WEAK = YES;
				CLANG_WARN_BLOCK_CAPTURE_AUTORELEASING = YES;
				CLANG_WARN_BOOL_CONVERSION = YES;
				CLANG_WARN_COMMA = YES;
				CLANG_WARN_CONSTANT_CONVERSION = YES;
				CLANG_WARN_DEPRECATED_OBJC_IMPLEMENTATIONS = YES;
				CLANG_WARN_DIRECT_OBJC_ISA_USAGE = YES_ERROR;
				CLANG_WARN_DOCUMENTATION_COMMENTS = YES;
				CLANG_WARN_EMPTY_BODY = YES;
				CLANG_WARN_ENUM_CONVERSION = YES;
				CLANG_WARN_INFINITE_RECURSION = YES;
				CLANG_WARN_INT_CONVERSION = YES;
				CLANG_WARN_NON_LITERAL_NULL_CONVERSION = YES;
				CLANG_WARN_OBJC_IMPLICIT_RETAIN_SELF = YES;
				CLANG_WARN_OBJC_LITERAL_CONVERSION = YES;
				CLANG_WARN_OBJC_ROOT_CLASS = YES_ERROR;
				CLANG_WARN_QUOTED_INCLUDE_IN_FRAMEWORK_HEADER = YES;
				CLANG_WARN_RANGE_LOOP_ANALYSIS = YES;
				CLANG_WARN_STRICT_PROTOTYPES = YES;
				CLANG_WARN_SUSPICIOUS_MOVE = YES;
				CLANG_WARN_UNGUARDED_AVAILABILITY = YES_AGGRESSIVE;
				CLANG_WARN_UNREACHABLE_CODE = YES;
				CLANG_WARN__DUPLICATE_METHOD_MATCH = YES;
				COPY_PHASE_STRIP = NO;
				DEBUG_INFORMATION_FORMAT = "dwarf-with-dsym";
				ENABLE_NS_ASSERTIONS = NO;
				ENABLE_STRICT_OBJC_MSGSEND = YES;
				GCC_C_LANGUAGE_STANDARD = gnu11;
				GCC_NO_COMMON_BLOCKS = YES;
				GCC_WARN_64_TO_32_BIT_CONVERSION = YES;
				GCC_WARN_ABOUT_RETURN_TYPE = YES_ERROR;
				GCC_WARN_UNDECLARED_SELECTOR = YES;
				GCC_WARN_UNINITIALIZED_AUTOS = YES_AGGRESSIVE;
				GCC_WARN_UNUSED_FUNCTION = YES;
				GCC_WARN_UNUSED_VARIABLE = YES;
				IPHONEOS_DEPLOYMENT_TARGET = 14.5;
				MTL_ENABLE_DEBUG_INFO = NO;
				MTL_FAST_MATH = YES;
				SDKROOT = iphoneos;
				SWIFT_COMPILATION_MODE = wholemodule;
				SWIFT_OPTIMIZATION_LEVEL = "-O";
				VALIDATE_PRODUCT = YES;
			};
			name = Release;
		};
		2272F8732FDD6FF000C55EB3 /* Debug */ = {
			isa = XCBuildConfiguration;
			buildSettings = {
				ASSETCATALOG_COMPILER_APPICON_NAME = AppIcon;
				ASSETCATALOG_COMPILER_GLOBAL_ACCENT_COLOR_NAME = AccentColor;
				CODE_SIGN_STYLE = Automatic;
				INFOPLIST_FILE = BallLog/Info.plist;
				LD_RUNPATH_SEARCH_PATHS = (
					"$(inherited)",
					"@executable_path/Frameworks",
				);
				PRODUCT_BUNDLE_IDENTIFIER = testing.BallLog;
				PRODUCT_NAME = "$(TARGET_NAME)";
				SWIFT_VERSION = 5.0;
				TARGETED_DEVICE_FAMILY = "1,2";
			};
			name = Debug;
		};
		2272F8742FDD6FF000C55EB3 /* Release */ = {
			isa = XCBuildConfiguration;
			buildSettings = {
				ASSETCATALOG_COMPILER_APPICON_NAME = AppIcon;
				ASSETCATALOG_COMPILER_GLOBAL_ACCENT_COLOR_NAME = AccentColor;
				CODE_SIGN_STYLE = Automatic;
				INFOPLIST_FILE = BallLog/Info.plist;
				LD_RUNPATH_SEARCH_PATHS = (
					"$(inherited)",
					"@executable_path/Frameworks",
				);
				PRODUCT_BUNDLE_IDENTIFIER = testing.BallLog;
				PRODUCT_NAME = "$(TARGET_NAME)";
				SWIFT_VERSION = 5.0;
				TARGETED_DEVICE_FAMILY = "1,2";
			};
			name = Release;
		};
		2272F8762FDD6FF000C55EB3 /* Debug */ = {
			isa = XCBuildConfiguration;
			buildSettings = {
				ALWAYS_EMBED_SWIFT_STANDARD_LIBRARIES = YES;
				BUNDLE_LOADER = "$(TEST_HOST)";
				CODE_SIGN_STYLE = Automatic;
				INFOPLIST_FILE = BallLogTests/Info.plist;
				IPHONEOS_DEPLOYMENT_TARGET = 14.5;
				LD_RUNPATH_SEARCH_PATHS = (
					"$(inherited)",
					"@executable_path/Frameworks",
					"@loader_path/Frameworks",
				);
				PRODUCT_BUNDLE_IDENTIFIER = testing.BallLogTests;
				PRODUCT_NAME = "$(TARGET_NAME)";
				SWIFT_VERSION = 5.0;
				TARGETED_DEVICE_FAMILY = "1,2";
				TEST_HOST = "$(BUILT_PRODUCTS_DIR)/BallLog.app/BallLog";
			};
			name = Debug;
		};
		2272F8772FDD6FF000C55EB3 /* Release */ = {
			isa = XCBuildConfiguration;
			buildSettings = {
				ALWAYS_EMBED_SWIFT_STANDARD_LIBRARIES = YES;
				BUNDLE_LOADER = "$(TEST_HOST)";
				CODE_SIGN_STYLE = Automatic;
				INFOPLIST_FILE = BallLogTests/Info.plist;
				IPHONEOS_DEPLOYMENT_TARGET = 14.5;
				LD_RUNPATH_SEARCH_PATHS = (
					"$(inherited)",
					"@executable_path/Frameworks",
					"@loader_path/Frameworks",
				);
				PRODUCT_BUNDLE_IDENTIFIER = testing.BallLogTests;
				PRODUCT_NAME = "$(TARGET_NAME)";
				SWIFT_VERSION = 5.0;
				TARGETED_DEVICE_FAMILY = "1,2";
				TEST_HOST = "$(BUILT_PRODUCTS_DIR)/BallLog.app/BallLog";
			};
			name = Release;
		};
		2272F8792FDD6FF000C55EB3 /* Debug */ = {
			isa = XCBuildConfiguration;
			buildSettings = {
				ALWAYS_EMBED_SWIFT_STANDARD_LIBRARIES = YES;
				CODE_SIGN_STYLE = Automatic;
				INFOPLIST_FILE = BallLogUITests/Info.plist;
				LD_RUNPATH_SEARCH_PATHS = (
					"$(inherited)",
					"@executable_path/Frameworks",
					"@loader_path/Frameworks",
				);
				PRODUCT_BUNDLE_IDENTIFIER = testing.BallLogUITests;
				PRODUCT_NAME = "$(TARGET_NAME)";
				SWIFT_VERSION = 5.0;
				TARGETED_DEVICE_FAMILY = "1,2";
				TEST_TARGET_NAME = BallLog;
			};
			name = Debug;
		};
		2272F87A2FDD6FF000C55EB3 /* Release */ = {
			isa = XCBuildConfiguration;
			buildSettings = {
				ALWAYS_EMBED_SWIFT_STANDARD_LIBRARIES = YES;
				CODE_SIGN_STYLE = Automatic;
				INFOPLIST_FILE = BallLogUITests/Info.plist;
				LD_RUNPATH_SEARCH_PATHS = (
					"$(inherited)",
					"@executable_path/Frameworks",
					"@loader_path/Frameworks",
				);
				PRODUCT_BUNDLE_IDENTIFIER = testing.BallLogUITests;
				PRODUCT_NAME = "$(TARGET_NAME)";
				SWIFT_VERSION = 5.0;
				TARGETED_DEVICE_FAMILY = "1,2";
				TEST_TARGET_NAME = BallLog;
			};
			name = Release;
		};
/* End XCBuildConfiguration section */

/* Begin XCConfigurationList section */
		2272F8432FDD6FE500C55EB3 /* Build configuration list for PBXProject "BallLog" */ = {
			isa = XCConfigurationList;
			buildConfigurations = (
				2272F8702FDD6FF000C55EB3 /* Debug */,
				2272F8712FDD6FF000C55EB3 /* Release */,
			);
			defaultConfigurationIsVisible = 0;
			defaultConfigurationName = Release;
		};
		2272F8722FDD6FF000C55EB3 /* Build configuration list for PBXNativeTarget "BallLog" */ = {
			isa = XCConfigurationList;
			buildConfigurations = (
				2272F8732FDD6FF000C55EB3 /* Debug */,
				2272F8742FDD6FF000C55EB3 /* Release */,
			);
			defaultConfigurationIsVisible = 0;
			defaultConfigurationName = Release;
		};
		2272F8752FDD6FF000C55EB3 /* Build configuration list for PBXNativeTarget "BallLogTests" */ = {
			isa = XCConfigurationList;
			buildConfigurations = (
				2272F8762FDD6FF000C55EB3 /* Debug */,
				2272F8772FDD6FF000C55EB3 /* Release */,
			);
			defaultConfigurationIsVisible = 0;
			defaultConfigurationName = Release;
		};
		2272F8782FDD6FF000C55EB3 /* Build configuration list for PBXNativeTarget "BallLogUITests" */ = {
			isa = XCConfigurationList;
			buildConfigurations = (
				2272F8792FDD6FF000C55EB3 /* Debug */,
				2272F87A2FDD6FF000C55EB3 /* Release */,
			);
			defaultConfigurationIsVisible = 0;
			defaultConfigurationName = Release;
		};
/* End XCConfigurationList section */
	};
	rootObject = 2272F8402FDD6FE500C55EB3 /* Project object */;
}
